# THIS IS AN AUTOGENERATED FILE. DO NOT EDIT THIS FILE DIRECTLY.
# yarn lockfile v1


"@babel/helper-string-parser@^7.27.1":
  version "7.27.1"
  resolved "https://registry.npmjs.org/@babel/helper-string-parser/-/helper-string-parser-7.27.1.tgz#54da796097ab19ce67ed9f88b47bb2ec49367687"
  integrity sha512-qMlSxKbpRlAridDExk92nSobyDdpPijUq2DW6oDnUqd0iOGxmQjyqhMIihI9+zv4LPyZdRje2cavWPbCbWm3eA==

"@babel/helper-validator-identifier@^7.28.5":
  version "7.28.5"
  resolved "https://registry.npmjs.org/@babel/helper-validator-identifier/-/helper-validator-identifier-7.28.5.tgz#010b6938fab7cb7df74aa2bbc06aa503b8fe5fb4"
  integrity sha512-qSs4ifwzKJSV39ucNjsvc6WVHs6b7S03sOh2OcHF9UHfVPqWWALUsNUVzhSBiItjRZoLHx7nIarVjqKVusUZ1Q==

"@babel/parser@^7.28.5":
  version "7.28.5"
  resolved "https://registry.npmjs.org/@babel/parser/-/parser-7.28.5.tgz#0b0225ee90362f030efd644e8034c99468893b08"
  integrity sha512-KKBU1VGYR7ORr3At5HAtUQ+TV3SzRCXmA/8OdDZiLDBIZxVyzXuztPjfLd3BV1PRAQGCMWWSHYhL0F8d5uHBDQ==
  dependencies:
    "@babel/types" "^7.28.5"

"@babel/types@^7.28.5":
  version "7.28.5"
  resolved "https://registry.npmjs.org/@babel/types/-/types-7.28.5.tgz#10fc405f60897c35f07e85493c932c7b5ca0592b"
  integrity sha512-qQ5m48eI/MFLQ5PxQj4PFaprjyCTLI37ElWMmNs0K8Lk3dVeOdNpB3ks8jc7yM5CDmVC73eMVk/trk3fgmrUpA==
  dependencies:
    "@babel/helper-string-parser" "^7.27.1"
    "@babel/helper-validator-identifier" "^7.28.5"

"@emnapi/core@^1.7.1":
  version "1.7.1"
  resolved "https://registry.npmjs.org/@emnapi/core/-/core-1.7.1.tgz#3a79a02dbc84f45884a1806ebb98e5746bdfaac4"
  integrity sha512-o1uhUASyo921r2XtHYOHy7gdkGLge8ghBEQHMWmyJFoXlpU58kIrhhN3w26lpQb6dspetweapMn2CSNwQ8I4wg==
  dependencies:
    "@emnapi/wasi-threads" "1.1.0"
    tslib "^2.4.0"

"@emnapi/runtime@^1.7.1":
  version "1.7.1"
  resolved "https://registry.npmjs.org/@emnapi/runtime/-/runtime-1.7.1.tgz#a73784e23f5d57287369c808197288b52276b791"
  integrity sha512-PVtJr5CmLwYAU9PZDMITZoR5iAOShYREoR45EyyLrbntV50mdePTgUn4AmOw90Ifcj+x2kRjdzr1HP3RrNiHGA==
  dependencies:
    tslib "^2.4.0"

"@emnapi/wasi-threads@1.1.0":
  version "1.1.0"
  resolved "https://registry.npmjs.org/@emnapi/wasi-threads/-/wasi-threads-1.1.0.tgz#60b2102fddc9ccb78607e4a3cf8403ea69be41bf"
  integrity sha512-WI0DdZ8xFSbgMjR1sFsKABJ/C5OnRrjT06JXbZKexJGrDuPTzZdDYfFlsgcCXCyf+suG5QU2e/y1Wo2V/OapLQ==
  dependencies:
    tslib "^2.4.0"

"@jridgewell/sourcemap-codec@^1.5.5":
  version "1.5.5"
  resolved "https://registry.npmjs.org/@jridgewell/sourcemap-codec/-/sourcemap-codec-1.5.5.tgz#6912b00d2c631c0d15ce1a7ab57cd657f2a8f8ba"
  integrity sha512-cYQ9310grqxueWbl+WuIUIaiUaDcj7WOq5fVhEljNVgRfOUhY9fy2zTvfoqWsnebh8Sl70VScFbICvJnLKB0Og==

"@napi-rs/wasm-runtime@^1.0.7":
  version "1.1.0"
  resolved "https://registry.npmjs.org/@napi-rs/wasm-runtime/-/wasm-runtime-1.1.0.tgz#c0180393d7862cff0d412e3e1a7c3bd5ea6d9b2f"
  integrity sha512-Fq6DJW+Bb5jaWE69/qOE0D1TUN9+6uWhCeZpdnSBk14pjLcCWR7Q8n49PTSPHazM37JqrsdpEthXy2xn6jWWiA==
  dependencies:
    "@emnapi/core" "^1.7.1"
    "@emnapi/runtime" "^1.7.1"
    "@tybys/wasm-util" "^0.10.1"

"@oxc-project/runtime@0.97.0":
  version "0.97.0"
  resolved "https://registry.npmjs.org/@oxc-project/runtime/-/runtime-0.97.0.tgz#eeb9c0f8901499ae9b8fcca2ff02539dc1e898a7"
  integrity sha512-yH0zw7z+jEws4dZ4IUKoix5Lh3yhqIJWF9Dc8PWvhpo7U7O+lJrv7ZZL4BeRO0la8LBQFwcCewtLBnVV7hPe/w==

"@oxc-project/types@=0.97.0":
  version "0.97.0"
  resolved "https://registry.npmjs.org/@oxc-project/types/-/types-0.97.0.tgz#dff374de679b876ec9765a80352e5a56354dcd8e"
  integrity sha512-lxmZK4xFrdvU0yZiDwgVQTCvh2gHWBJCBk5ALsrtsBWhs0uDIi+FTOnXRQeQfs304imdvTdaakT/lqwQ8hkOXQ==

"@rolldown/binding-android-arm64@1.0.0-beta.50":
  version "1.0.0-beta.50"
  resolved "https://registry.npmjs.org/@rolldown/binding-android-arm64/-/binding-android-arm64-1.0.0-beta.50.tgz#36bf7823a6dc197a629c064dec8441ff5276fa25"
  integrity sha512-XlEkrOIHLyGT3avOgzfTFSjG+f+dZMw+/qd+Y3HLN86wlndrB/gSimrJCk4gOhr1XtRtEKfszpadI3Md4Z4/Ag==

"@rolldown/binding-darwin-arm64@1.0.0-beta.50":
  version "1.0.0-beta.50"
  resolved "https://registry.npmjs.org/@rolldown/binding-darwin-arm64/-/binding-darwin-arm64-1.0.0-beta.50.tgz#17c1ce735e140b2b6fe063cbd12d584215a1c33d"
  integrity sha512-+JRqKJhoFlt5r9q+DecAGPLZ5PxeLva+wCMtAuoFMWPoZzgcYrr599KQ+Ix0jwll4B4HGP43avu9My8KtSOR+w==

"@rolldown/binding-darwin-x64@1.0.0-beta.50":
  version "1.0.0-beta.50"
  resolved "https://registry.npmjs.org/@rolldown/binding-darwin-x64/-/binding-darwin-x64-1.0.0-beta.50.tgz#ce906eb6ddf4c6f6f80a6a88f62a74594932e17c"
  integrity sha512-fFXDjXnuX7/gQZQm/1FoivVtRcyAzdjSik7Eo+9iwPQ9EgtA5/nB2+jmbzaKtMGG3q+BnZbdKHCtOacmNrkIDA==

"@rolldown/binding-freebsd-x64@1.0.0-beta.50":
  version "1.0.0-beta.50"
  resolved "https://registry.npmjs.org/@rolldown/binding-freebsd-x64/-/binding-freebsd-x64-1.0.0-beta.50.tgz#2ce16d7a5bee54e8d06de0c87051038664f6d2bd"
  integrity sha512-F1b6vARy49tjmT/hbloplzgJS7GIvwWZqt+tAHEstCh0JIh9sa8FAMVqEmYxDviqKBaAI8iVvUREm/Kh/PD26Q==

"@rolldown/binding-linux-arm-gnueabihf@1.0.0-beta.50":
  version "1.0.0-beta.50"
  resolved "https://registry.npmjs.org/@rolldown/binding-linux-arm-gnueabihf/-/binding-linux-arm-gnueabihf-1.0.0-beta.50.tgz#ba7374fb175ad35785d52165fdc6be80cd435aab"
  integrity sha512-U6cR76N8T8M6lHj7EZrQ3xunLPxSvYYxA8vJsBKZiFZkT8YV4kjgCO3KwMJL0NOjQCPGKyiXO07U+KmJzdPGRw==

"@rolldown/binding-linux-arm64-gnu@1.0.0-beta.50":
  version "1.0.0-beta.50"
  resolved "https://registry.npmjs.org/@rolldown/binding-linux-arm64-gnu/-/binding-linux-arm64-gnu-1.0.0-beta.50.tgz#cb61bcbf32e3236605403f15deca66aeec193400"
  integrity sha512-ONgyjofCrrE3bnh5GZb8EINSFyR/hmwTzZ7oVuyUB170lboza1VMCnb8jgE6MsyyRgHYmN8Lb59i3NKGrxrYjw==

"@rolldown/binding-linux-arm64-musl@1.0.0-beta.50":
  version "1.0.0-beta.50"
  resolved "https://registry.npmjs.org/@rolldown/binding-linux-arm64-musl/-/binding-linux-arm64-musl-1.0.0-beta.50.tgz#f26d33ef13c13b5a3417f3a0b902a1c18f636f5b"
  integrity sha512-L0zRdH2oDPkmB+wvuTl+dJbXCsx62SkqcEqdM+79LOcB+PxbAxxjzHU14BuZIQdXcAVDzfpMfaHWzZuwhhBTcw==

"@rolldown/binding-linux-x64-gnu@1.0.0-beta.50":
  version "1.0.0-beta.50"
  resolved "https://registry.npmjs.org/@rolldown/binding-linux-x64-gnu/-/binding-linux-x64-gnu-1.0.0-beta.50.tgz#27b2ee9f76b393f97237aaf4de50a47eb4e393f5"
  integrity sha512-gyoI8o/TGpQd3OzkJnh1M2kxy1Bisg8qJ5Gci0sXm9yLFzEXIFdtc4EAzepxGvrT2ri99ar5rdsmNG0zP0SbIg==

"@rolldown/binding-linux-x64-musl@1.0.0-beta.50":
  version "1.0.0-beta.50"
  resolved "https://registry.npmjs.org/@rolldown/binding-linux-x64-musl/-/binding-linux-x64-musl-1.0.0-beta.50.tgz#6f5269df217a8b5dafc71a18aa8aeb49d2f8d981"
  integrity sha512-zti8A7M+xFDpKlghpcCAzyOi+e5nfUl3QhU023ce5NCgUxRG5zGP2GR9LTydQ1rnIPwZUVBWd4o7NjZDaQxaXA==

"@rolldown/binding-openharmony-arm64@1.0.0-beta.50":
  version "1.0.0-beta.50"
  resolved "https://registry.npmjs.org/@rolldown/binding-openharmony-arm64/-/binding-openharmony-arm64-1.0.0-beta.50.tgz#3c537200c89b9647866441d88a31a0f4c3c91228"
  integrity sha512-eZUssog7qljrrRU9Mi0eqYEPm3Ch0UwB+qlWPMKSUXHNqhm3TvDZarJQdTevGEfu3EHAXJvBIe0YFYr0TPVaMA==

"@rolldown/binding-wasm32-wasi@1.0.0-beta.50":
  version "1.0.0-beta.50"
  resolved "https://registry.npmjs.org/@rolldown/binding-wasm32-wasi/-/binding-wasm32-wasi-1.0.0-beta.50.tgz#04f4ea5bcda8a4774a14b4e9d79662dc91012cfc"
  integrity sha512-nmCN0nIdeUnmgeDXiQ+2HU6FT162o+rxnF7WMkBm4M5Ds8qTU7Dzv2Wrf22bo4ftnlrb2hKK6FSwAJSAe2FWLg==
  dependencies:
    "@napi-rs/wasm-runtime" "^1.0.7"

"@rolldown/binding-win32-arm64-msvc@1.0.0-beta.50":
  version "1.0.0-beta.50"
  resolved "https://registry.npmjs.org/@rolldown/binding-win32-arm64-msvc/-/binding-win32-arm64-msvc-1.0.0-beta.50.tgz#ee084d0dd74530fe149502f942b8e2bf6a7ef8d8"
  integrity sha512-7kcNLi7Ua59JTTLvbe1dYb028QEPaJPJQHqkmSZ5q3tJueUeb6yjRtx8mw4uIqgWZcnQHAR3PrLN4XRJxvgIkA==

"@rolldown/binding-win32-ia32-msvc@1.0.0-beta.50":
  version "1.0.0-beta.50"
  resolved "https://registry.npmjs.org/@rolldown/binding-win32-ia32-msvc/-/binding-win32-ia32-msvc-1.0.0-beta.50.tgz#63bad3eac2cc25ef42ef70ea5ebdba123f31cbba"
  integrity sha512-lL70VTNvSCdSZkDPPVMwWn/M2yQiYvSoXw9hTLgdIWdUfC3g72UaruezusR6ceRuwHCY1Ayu2LtKqXkBO5LIwg==

"@rolldown/binding-win32-x64-msvc@1.0.0-beta.50":
  version "1.0.0-beta.50"
  resolved "https://registry.npmjs.org/@rolldown/binding-win32-x64-msvc/-/binding-win32-x64-msvc-1.0.0-beta.50.tgz#3a22e019281d5a17db6feb555f21df6771134c3b"
  integrity sha512-4qU4x5DXWB4JPjyTne/wBNPqkbQU8J45bl21geERBKtEittleonioACBL1R0PsBu0Aq21SwMK5a9zdBkWSlQtQ==

"@rolldown/pluginutils@1.0.0-beta.50":
  version "1.0.0-beta.50"
  resolved "https://registry.npmjs.org/@rolldown/pluginutils/-/pluginutils-1.0.0-beta.50.tgz#a12f07e9095b8901debcc17d98b4350f0cc64633"
  integrity sha512-5e76wQiQVeL1ICOZVUg4LSOVYg9jyhGCin+icYozhsUzM+fHE7kddi1bdiE0jwVqTfkjba3jUFbEkoC9WkdvyA==

"@rolldown/pluginutils@1.0.0-beta.53":
  version "1.0.0-beta.53"
  resolved "https://registry.npmjs.org/@rolldown/pluginutils/-/pluginutils-1.0.0-beta.53.tgz#c57a5234ae122671aff6fe72e673a7ed90f03f87"
  integrity sha512-vENRlFU4YbrwVqNDZ7fLvy+JR1CRkyr01jhSiDpE1u6py3OMzQfztQU2jxykW3ALNxO4kSlqIDeYyD0Y9RcQeQ==

"@tybys/wasm-util@^0.10.1":
  version "0.10.1"
  resolved "https://registry.npmjs.org/@tybys/wasm-util/-/wasm-util-0.10.1.tgz#ecddd3205cf1e2d5274649ff0eedd2991ed7f414"
  integrity sha512-9tTaPJLSiejZKx+Bmog4uSubteqTvFrVrURwkmHixBo0G4seD0zUxp98E1DzUBJxLQ3NPwXrGKDiVjwx/DpPsg==
  dependencies:
    tslib "^2.4.0"

"@vitejs/plugin-vue@^6.0.1":
  version "6.0.3"
  resolved "https://registry.npmjs.org/@vitejs/plugin-vue/-/plugin-vue-6.0.3.tgz#b857c5dcbc5cfb30bf5d7f9d6e274afcca2d46d1"
  integrity sha512-TlGPkLFLVOY3T7fZrwdvKpjprR3s4fxRln0ORDo1VQ7HHyxJwTlrjKU3kpVWTlaAjIEuCTokmjkZnr8Tpc925w==
  dependencies:
    "@rolldown/pluginutils" "1.0.0-beta.53"

"@vue/compiler-core@3.5.26":
  version "3.5.26"
  resolved "https://registry.npmjs.org/@vue/compiler-core/-/compiler-core-3.5.26.tgz#1a91ea90980528bedff7b1c292690bfb30612485"
  integrity sha512-vXyI5GMfuoBCnv5ucIT7jhHKl55Y477yxP6fc4eUswjP8FG3FFVFd41eNDArR+Uk3QKn2Z85NavjaxLxOC19/w==
  dependencies:
    "@babel/parser" "^7.28.5"
    "@vue/shared" "3.5.26"
    entities "^7.0.0"
    estree-walker "^2.0.2"
    source-map-js "^1.2.1"

"@vue/compiler-dom@3.5.26":
  version "3.5.26"
  resolved "https://registry.npmjs.org/@vue/compiler-dom/-/compiler-dom-3.5.26.tgz#66c36b6ed8bdf43236d7188ea332bc9d078eb286"
  integrity sha512-y1Tcd3eXs834QjswshSilCBnKGeQjQXB6PqFn/1nxcQw4pmG42G8lwz+FZPAZAby6gZeHSt/8LMPfZ4Rb+Bd/A==
  dependencies:
    "@vue/compiler-core" "3.5.26"
    "@vue/shared" "3.5.26"

"@vue/compiler-sfc@3.5.26":
  version "3.5.26"
  resolved "https://registry.npmjs.org/@vue/compiler-sfc/-/compiler-sfc-3.5.26.tgz#fb1c6c4bf9a9e22bb169e039e19437cb6995917a"
  integrity sha512-egp69qDTSEZcf4bGOSsprUr4xI73wfrY5oRs6GSgXFTiHrWj4Y3X5Ydtip9QMqiCMCPVwLglB9GBxXtTadJ3mA==
  dependencies:
    "@babel/parser" "^7.28.5"
    "@vue/compiler-core" "3.5.26"
    "@vue/compiler-dom" "3.5.26"
    "@vue/compiler-ssr" "3.5.26"
    "@vue/shared" "3.5.26"
    estree-walker "^2.0.2"
    magic-string "^0.30.21"
    postcss "^8.5.6"
    source-map-js "^1.2.1"

"@vue/compiler-ssr@3.5.26":
  version "3.5.26"
  resolved "https://registry.npmjs.org/@vue/compiler-ssr/-/compiler-ssr-3.5.26.tgz#f6e94bccbb5339180779036ddfb614f998a197ea"
  integrity sha512-lZT9/Y0nSIRUPVvapFJEVDbEXruZh2IYHMk2zTtEgJSlP5gVOqeWXH54xDKAaFS4rTnDeDBQUYDtxKyoW9FwDw==
  dependencies:
    "@vue/compiler-dom" "3.5.26"
    "@vue/shared" "3.5.26"

"@vue/reactivity@3.5.26":
  version "3.5.26"
  resolved "https://registry.npmjs.org/@vue/reactivity/-/reactivity-3.5.26.tgz#59a1edf566dc80133c1c26c93711c877e8602c48"
  integrity sha512-9EnYB1/DIiUYYnzlnUBgwU32NNvLp/nhxLXeWRhHUEeWNTn1ECxX8aGO7RTXeX6PPcxe3LLuNBFoJbV4QZ+CFQ==
  dependencies:
    "@vue/shared" "3.5.26"

"@vue/runtime-core@3.5.26":
  version "3.5.26"
  resolved "https://registry.npmjs.org/@vue/runtime-core/-/runtime-core-3.5.26.tgz#3f2c040bcf8018c03a1ab5adb0d788c13c986f0e"
  integrity sha512-xJWM9KH1kd201w5DvMDOwDHYhrdPTrAatn56oB/LRG4plEQeZRQLw0Bpwih9KYoqmzaxF0OKSn6swzYi84e1/Q==
  dependencies:
    "@vue/reactivity" "3.5.26"
    "@vue/shared" "3.5.26"

"@vue/runtime-dom@3.5.26":
  version "3.5.26"
  resolved "https://registry.npmjs.org/@vue/runtime-dom/-/runtime-dom-3.5.26.tgz#5954848614883948ecc1f631a67b32cc32f81936"
  integrity sha512-XLLd/+4sPC2ZkN/6+V4O4gjJu6kSDbHAChvsyWgm1oGbdSO3efvGYnm25yCjtFm/K7rrSDvSfPDgN1pHgS4VNQ==
  dependencies:
    "@vue/reactivity" "3.5.26"
    "@vue/runtime-core" "3.5.26"
    "@vue/shared" "3.5.26"
    csstype "^3.2.3"

"@vue/server-renderer@3.5.26":
  version "3.5.26"
  resolved "https://registry.npmjs.org/@vue/server-renderer/-/server-renderer-3.5.26.tgz#269055497fcc75b3984063f866f17c748b565ef4"
  integrity sha512-TYKLXmrwWKSodyVuO1WAubucd+1XlLg4set0YoV+Hu8Lo79mp/YMwWV5mC5FgtsDxX3qo1ONrxFaTP1OQgy1uA==
  dependencies:
    "@vue/compiler-ssr" "3.5.26"
    "@vue/shared" "3.5.26"

"@vue/shared@3.5.26":
  version "3.5.26"
  resolved "https://registry.npmjs.org/@vue/shared/-/shared-3.5.26.tgz#1e02ef2d64aced818cd31d81ce5175711dc90a9f"
  integrity sha512-7Z6/y3uFI5PRoKeorTOSXKcDj0MSasfNNltcslbFrPpcw6aXRUALq4IfJlaTRspiWIUOEZbrpM+iQGmCOiWe4A==

csstype@^3.2.3:
  version "3.2.3"
  resolved "https://registry.npmjs.org/csstype/-/csstype-3.2.3.tgz#ec48c0f3e993e50648c86da559e2610995cf989a"
  integrity sha512-z1HGKcYy2xA8AGQfwrn0PAy+PB7X/GSj3UVJW9qKyn43xWa+gl5nXmU4qqLMRzWVLFC8KusUX8T/0kCiOYpAIQ==

detect-libc@^2.0.3:
  version "2.1.2"
  resolved "https://registry.npmjs.org/detect-libc/-/detect-libc-2.1.2.tgz#689c5dcdc1900ef5583a4cb9f6d7b473742074ad"
  integrity sha512-Btj2BOOO83o3WyH59e8MgXsxEQVcarkUOpEYrubB0urwnN10yQ364rsiByU11nZlqWYZm05i/of7io4mzihBtQ==

entities@^7.0.0:
  version "7.0.0"
  resolved "https://registry.npmjs.org/entities/-/entities-7.0.0.tgz#2ae4e443f3f17d152d3f5b0f79b932c1e59deb7a"
  integrity sha512-FDWG5cmEYf2Z00IkYRhbFrwIwvdFKH07uV8dvNy0omp/Qb1xcyCWp2UDtcwJF4QZZvk0sLudP6/hAu42TaqVhQ==

estree-walker@^2.0.2:
  version "2.0.2"
  resolved "https://registry.npmjs.org/estree-walker/-/estree-walker-2.0.2.tgz#52f010178c2a4c117a7757cfe942adb7d2da4cac"
  integrity sha512-Rfkk/Mp/DL7JVje3u18FxFujQlTNR2q6QfMSMB7AvCBx91NGj/ba3kCfza0f6dVDbw7YlRf/nDrn7pQrCCyQ/w==

fdir@^6.5.0:
  version "6.5.0"
  resolved "https://registry.npmjs.org/fdir/-/fdir-6.5.0.tgz#ed2ab967a331ade62f18d077dae192684d50d350"
  integrity sha512-tIbYtZbucOs0BRGqPJkshJUYdL+SDH7dVM8gjy+ERp3WAUjLEFJE+02kanyHtwjWOnwrKYBiwAmM0p4kLJAnXg==

fsevents@~2.3.3:
  version "2.3.3"
  resolved "https://registry.npmjs.org/fsevents/-/fsevents-2.3.3.tgz#cac6407785d03675a2a5e1a5305c697b347d90d6"
  integrity sha512-5xoDfX+fL7faATnagmWPpbFtwh/R77WmMMqqHGS65C3vvB0YHrgF+B1YmZ3441tMj5n63k0212XNoJwzlhffQw==

lightningcss-android-arm64@1.30.2:
  version "1.30.2"
  resolved "https://registry.npmjs.org/lightningcss-android-arm64/-/lightningcss-android-arm64-1.30.2.tgz#6966b7024d39c94994008b548b71ab360eb3a307"
  integrity sha512-BH9sEdOCahSgmkVhBLeU7Hc9DWeZ1Eb6wNS6Da8igvUwAe0sqROHddIlvU06q3WyXVEOYDZ6ykBZQnjTbmo4+A==

lightningcss-darwin-arm64@1.30.2:
  version "1.30.2"
  resolved "https://registry.npmjs.org/lightningcss-darwin-arm64/-/lightningcss-darwin-arm64-1.30.2.tgz#a5fa946d27c029e48c7ff929e6e724a7de46eb2c"
  integrity sha512-ylTcDJBN3Hp21TdhRT5zBOIi73P6/W0qwvlFEk22fkdXchtNTOU4Qc37SkzV+EKYxLouZ6M4LG9NfZ1qkhhBWA==

lightningcss-darwin-x64@1.30.2:
  version "1.30.2"
  resolved "https://registry.npmjs.org/lightningcss-darwin-x64/-/lightningcss-darwin-x64-1.30.2.tgz#5ce87e9cd7c4f2dcc1b713f5e8ee185c88d9b7cd"
  integrity sha512-oBZgKchomuDYxr7ilwLcyms6BCyLn0z8J0+ZZmfpjwg9fRVZIR5/GMXd7r9RH94iDhld3UmSjBM6nXWM2TfZTQ==

lightningcss-freebsd-x64@1.30.2:
  version "1.30.2"
  resolved "https://registry.npmjs.org/lightningcss-freebsd-x64/-/lightningcss-freebsd-x64-1.30.2.tgz#6ae1d5e773c97961df5cff57b851807ef33692a5"
  integrity sha512-c2bH6xTrf4BDpK8MoGG4Bd6zAMZDAXS569UxCAGcA7IKbHNMlhGQ89eRmvpIUGfKWNVdbhSbkQaWhEoMGmGslA==

lightningcss-linux-arm-gnueabihf@1.30.2:
  version "1.30.2"
  resolved "https://registry.npmjs.org/lightningcss-linux-arm-gnueabihf/-/lightningcss-linux-arm-gnueabihf-1.30.2.tgz#62c489610c0424151a6121fa99d77731536cdaeb"
  integrity sha512-eVdpxh4wYcm0PofJIZVuYuLiqBIakQ9uFZmipf6LF/HRj5Bgm0eb3qL/mr1smyXIS1twwOxNWndd8z0E374hiA==

lightningcss-linux-arm64-gnu@1.30.2:
  version "1.30.2"
  resolved "https://registry.npmjs.org/lightningcss-linux-arm64-gnu/-/lightningcss-linux-arm64-gnu-1.30.2.tgz#2a3661b56fe95a0cafae90be026fe0590d089298"
  integrity sha512-UK65WJAbwIJbiBFXpxrbTNArtfuznvxAJw4Q2ZGlU8kPeDIWEX1dg3rn2veBVUylA2Ezg89ktszWbaQnxD/e3A==

lightningcss-linux-arm64-musl@1.30.2:
  version "1.30.2"
  resolved "https://registry.npmjs.org/lightningcss-linux-arm64-musl/-/lightningcss-linux-arm64-musl-1.30.2.tgz#d7ddd6b26959245e026bc1ad9eb6aa983aa90e6b"
  integrity sha512-5Vh9dGeblpTxWHpOx8iauV02popZDsCYMPIgiuw97OJ5uaDsL86cnqSFs5LZkG3ghHoX5isLgWzMs+eD1YzrnA==

lightningcss-linux-x64-gnu@1.30.2:
  version "1.30.2"
  resolved "https://registry.npmjs.org/lightningcss-linux-x64-gnu/-/lightningcss-linux-x64-gnu-1.30.2.tgz#5a89814c8e63213a5965c3d166dff83c36152b1a"
  integrity sha512-Cfd46gdmj1vQ+lR6VRTTadNHu6ALuw2pKR9lYq4FnhvgBc4zWY1EtZcAc6EffShbb1MFrIPfLDXD6Xprbnni4w==

lightningcss-linux-x64-musl@1.30.2:
  version "1.30.2"
  resolved "https://registry.npmjs.org/lightningcss-linux-x64-musl/-/lightningcss-linux-x64-musl-1.30.2.tgz#808c2e91ce0bf5d0af0e867c6152e5378c049728"
  integrity sha512-XJaLUUFXb6/QG2lGIW6aIk6jKdtjtcffUT0NKvIqhSBY3hh9Ch+1LCeH80dR9q9LBjG3ewbDjnumefsLsP6aiA==

lightningcss-win32-arm64-msvc@1.30.2:
  version "1.30.2"
  resolved "https://registry.npmjs.org/lightningcss-win32-arm64-msvc/-/lightningcss-win32-arm64-msvc-1.30.2.tgz#ab4a8a8a2e6a82a4531e8bbb6bf0ff161ee6625a"
  integrity sha512-FZn+vaj7zLv//D/192WFFVA0RgHawIcHqLX9xuWiQt7P0PtdFEVaxgF9rjM/IRYHQXNnk61/H/gb2Ei+kUQ4xQ==

lightningcss-win32-x64-msvc@1.30.2:
  version "1.30.2"
  resolved "https://registry.npmjs.org/lightningcss-win32-x64-msvc/-/lightningcss-win32-x64-msvc-1.30.2.tgz#f01f382c8e0a27e1c018b0bee316d210eac43b6e"
  integrity sha512-5g1yc73p+iAkid5phb4oVFMB45417DkRevRbt/El/gKXJk4jid+vPFF/AXbxn05Aky8PapwzZrdJShv5C0avjw==

lightningcss@^1.30.2:
  version "1.30.2"
  resolved "https://registry.npmjs.org/lightningcss/-/lightningcss-1.30.2.tgz#4ade295f25d140f487d37256f4cd40dc607696d0"
  integrity sha512-utfs7Pr5uJyyvDETitgsaqSyjCb2qNRAtuqUeWIAKztsOYdcACf2KtARYXg2pSvhkt+9NfoaNY7fxjl6nuMjIQ==
  dependencies:
    detect-libc "^2.0.3"
  optionalDependencies:
    lightningcss-android-arm64 "1.30.2"
    lightningcss-darwin-arm64 "1.30.2"
    lightningcss-darwin-x64 "1.30.2"
    lightningcss-freebsd-x64 "1.30.2"
    lightningcss-linux-arm-gnueabihf "1.30.2"
    lightningcss-linux-arm64-gnu "1.30.2"
    lightningcss-linux-arm64-musl "1.30.2"
    lightningcss-linux-x64-gnu "1.30.2"
    lightningcss-linux-x64-musl "1.30.2"
    lightningcss-win32-arm64-msvc "1.30.2"
    lightningcss-win32-x64-msvc "1.30.2"

magic-string@^0.30.21:
  version "0.30.21"
  resolved "https://registry.npmjs.org/magic-string/-/magic-string-0.30.21.tgz#56763ec09a0fa8091df27879fd94d19078c00d91"
  integrity sha512-vd2F4YUyEXKGcLHoq+TEyCjxueSeHnFxyyjNp80yg0XV4vUhnDer/lvvlqM/arB5bXQN5K2/3oinyCRyx8T2CQ==
  dependencies:
    "@jridgewell/sourcemap-codec" "^1.5.5"

nanoid@^3.3.11:
  version "3.3.11"
  resolved "https://registry.npmjs.org/nanoid/-/nanoid-3.3.11.tgz#4f4f112cefbe303202f2199838128936266d185b"
  integrity sha512-N8SpfPUnUp1bK+PMYW8qSWdl9U+wwNWI4QKxOYDy9JAro3WMX7p2OeVRF9v+347pnakNevPmiHhNmZ2HbFA76w==

picocolors@^1.1.1:
  version "1.1.1"
  resolved "https://registry.npmjs.org/picocolors/-/picocolors-1.1.1.tgz#3d321af3eab939b083c8f929a1d12cda81c26b6b"
  integrity sha512-xceH2snhtb5M9liqDsmEw56le376mTZkEX/jEb/RxNFyegNul7eNslCXP9FDj/Lcu0X8KEyMceP2ntpaHrDEVA==

picomatch@^4.0.3:
  version "4.0.3"
  resolved "https://registry.npmjs.org/picomatch/-/picomatch-4.0.3.tgz#796c76136d1eead715db1e7bad785dedd695a042"
  integrity sha512-5gTmgEY/sqK6gFXLIsQNH19lWb4ebPDLA4SdLP7dsWkIXHWlG66oPuVvXSGFPppYZz8ZDZq0dYYrbHfBCVUb1Q==

postcss@^8.5.6:
  version "8.5.6"
  resolved "https://registry.npmjs.org/postcss/-/postcss-8.5.6.tgz#2825006615a619b4f62a9e7426cc120b349a8f3c"
  integrity sha512-3Ybi1tAuwAP9s0r1UQ2J4n5Y0G05bJkpUIO0/bI9MhwmD70S5aTWbXGBwxHrelT+XM1k6dM0pk+SwNkpTRN7Pg==
  dependencies:
    nanoid "^3.3.11"
    picocolors "^1.1.1"
    source-map-js "^1.2.1"

rolldown@1.0.0-beta.50:
  version "1.0.0-beta.50"
  resolved "https://registry.npmjs.org/rolldown/-/rolldown-1.0.0-beta.50.tgz#df32b6bd24765b6e67b728739544f7c3fb72a3cd"
  integrity sha512-JFULvCNl/anKn99eKjOSEubi0lLmNqQDAjyEMME2T4CwezUDL0i6t1O9xZsu2OMehPnV2caNefWpGF+8TnzB6A==
  dependencies:
    "@oxc-project/types" "=0.97.0"
    "@rolldown/pluginutils" "1.0.0-beta.50"
  optionalDependencies:
    "@rolldown/binding-android-arm64" "1.0.0-beta.50"
    "@rolldown/binding-darwin-arm64" "1.0.0-beta.50"
    "@rolldown/binding-darwin-x64" "1.0.0-beta.50"
    "@rolldown/binding-freebsd-x64" "1.0.0-beta.50"
    "@rolldown/binding-linux-arm-gnueabihf" "1.0.0-beta.50"
    "@rolldown/binding-linux-arm64-gnu" "1.0.0-beta.50"
    "@rolldown/binding-linux-arm64-musl" "1.0.0-beta.50"
    "@rolldown/binding-linux-x64-gnu" "1.0.0-beta.50"
    "@rolldown/binding-linux-x64-musl" "1.0.0-beta.50"
    "@rolldown/binding-openharmony-arm64" "1.0.0-beta.50"
    "@rolldown/binding-wasm32-wasi" "1.0.0-beta.50"
    "@rolldown/binding-win32-arm64-msvc" "1.0.0-beta.50"
    "@rolldown/binding-win32-ia32-msvc" "1.0.0-beta.50"
    "@rolldown/binding-win32-x64-msvc" "1.0.0-beta.50"

source-map-js@^1.2.1:
  version "1.2.1"
  resolved "https://registry.npmjs.org/source-map-js/-/source-map-js-1.2.1.tgz#1ce5650fddd87abc099eda37dcff024c2667ae46"
  integrity sha512-UXWMKhLOwVKb728IUtQPXxfYU+usdybtUrK/8uGE8CQMvrhOpwvzDBwj0QhSL7MQc7vIsISBG8VQ8+IDQxpfQA==

tinyglobby@^0.2.15:
  version "0.2.15"
  resolved "https://registry.npmjs.org/tinyglobby/-/tinyglobby-0.2.15.tgz#e228dd1e638cea993d2fdb4fcd2d4602a79951c2"
  integrity sha512-j2Zq4NyQYG5XMST4cbs02Ak8iJUdxRM0XI5QyxXuZOzKOINmWurp3smXu3y5wDcJrptwpSjgXHzIQxR0omXljQ==
  dependencies:
    fdir "^6.5.0"
    picomatch "^4.0.3"

tslib@^2.4.0:
  version "2.8.1"
  resolved "https://registry.npmjs.org/tslib/-/tslib-2.8.1.tgz#612efe4ed235d567e8aba5f2a5fab70280ade83f"
  integrity sha512-oJFu94HQb+KVduSUQL7wnpmqnfmLsOA/nAh6b6EH0wCEoK0/mPeXU6c3wKDV83MkOuHPRHtSXKKU99IBazS/2w==

"vite@npm:rolldown-vite@7.2.5":
  version "7.2.5"
  resolved "https://registry.npmjs.org/rolldown-vite/-/rolldown-vite-7.2.5.tgz#c2b6cf3b8892b4e68fb8ad3c5df403b04bdff30c"
  integrity sha512-u09tdk/huMiN8xwoiBbig197jKdCamQTtOruSalOzbqGje3jdHiV0njQlAW0YvzoahkirFePNQ4RYlfnRQpXZA==
  dependencies:
    "@oxc-project/runtime" "0.97.0"
    fdir "^6.5.0"
    lightningcss "^1.30.2"
    picomatch "^4.0.3"
    postcss "^8.5.6"
    rolldown "1.0.0-beta.50"
    tinyglobby "^0.2.15"
  optionalDependencies:
    fsevents "~2.3.3"

vue@^3.5.24:
  version "3.5.26"
  resolved "https://registry.npmjs.org/vue/-/vue-3.5.26.tgz#03a0b17311e0e593d34b9358fa249b85e3a6d9fb"
  integrity sha512-SJ/NTccVyAoNUJmkM9KUqPcYlY+u8OVL1X5EW9RIs3ch5H2uERxyyIUI4MRxVCSOiEcupX9xNGde1tL9ZKpimA==
  dependencies:
    "@vue/compiler-dom" "3.5.26"
    "@vue/compiler-sfc" "3.5.26"
    "@vue/runtime-dom" "3.5.26"
    "@vue/server-renderer" "3.5.26"
    "@vue/shared" "3.5.26"
